// !$*UTF8*$!
{
	archiveVersion = 1;
	classes = {
	};
	objectVersion = 46;
	objects = {

/* Begin PBXBuildFile section */
		A98C785319F9089900ECBB86 /* AppDelegate.swift in Sources */ = {isa = PBXBuildFile; fileRef = A98C785219F9089900ECBB86 /* AppDelegate.swift */; };
		A98C785519F9089900ECBB86 /* ViewController.swift in Sources */ = {isa = PBXBuildFile; fileRef = A98C785419F9089900ECBB86 /* ViewController.swift */; };
		A98C785819F9089900ECBB86 /* Main.storyboard in Resources */ = {isa = PBXBuildFile; fileRef = A98C785619F9089900ECBB86 /* Main.storyboard */; };
		A98C785A19F9089900ECBB86 /* Images.xcassets in Resources */ = {isa = PBXBuildFile; fileRef = A98C785919F9089900ECBB86 /* Images.xcassets */; };
		A98C785D19F9089900ECBB86 /* LaunchScreen.xib in Resources */ = {isa = PBXBuildFile; fileRef = A98C785B19F9089900ECBB86 /* LaunchScreen.xib */; };
		A98C786919F9089900ECBB86 /* TaskItTests.swift in Sources */ = {isa = PBXBuildFile; fileRef = A98C786819F9089900ECBB86 /* TaskItTests.swift */; };
		A98C787319F9139300ECBB86 /* TaskCell.swift in Sources */ = {isa = PBXBuildFile; fileRef = A98C787219F9139300ECBB86 /* TaskCell.swift */; };
		A98C787519FAC54700ECBB86 /* TaskModel.swift in Sources */ = {isa = PBXBuildFile; fileRef = A98C787419FAC54700ECBB86 /* TaskModel.swift */; };
		A98C787719FACA1A00ECBB86 /* TaskDetailViewController.swift in Sources */ = {isa = PBXBuildFile; fileRef = A98C787619FACA1A00ECBB86 /* TaskDetailViewController.swift */; };
		A98C787919FD6B2600ECBB86 /* Date.swift in Sources */ = {isa = PBXBuildFile; fileRef = A98C787819FD6B2600ECBB86 /* Date.swift */; };
		A98C787B19FD79B500ECBB86 /* AddTaskViewController.swift in Sources */ = {isa = PBXBuildFile; fileRef = A98C787A19FD79B500ECBB86 /* AddTaskViewController.swift */; };
/* End PBXBuildFile section */

/* Begin PBXContainerItemProxy section */
		A98C786319F9089900ECBB86 /* PBXContainerItemProxy */ = {
			isa = PBXContainerItemProxy;
			containerPortal = A98C784519F9089900ECBB86 /* Project object */;
			proxyType = 1;
			remoteGlobalIDString = A98C784C19F9089900ECBB86;
			remoteInfo = TaskIt;
		};
/* End PBXContainerItemProxy section */

/* Begin PBXFileReference section */
		A98C784D19F9089900ECBB86 /* TaskIt.app */ = {isa = PBXFileReference; explicitFileType = wrapper.application; includeInIndex = 0; path = TaskIt.app; sourceTree = BUILT_PRODUCTS_DIR; };
		A98C785119F9089900ECBB86 /* Info.plist */ = {isa = PBXFileReference; lastKnownFileType = text.plist.xml; path = Info.plist; sourceTree = "<group>"; };
		A98C785219F9089900ECBB86 /* AppDelegate.swift */ = {isa = PBXFileReference; lastKnownFileType = sourcecode.swift; path = AppDelegate.swift; sourceTree = "<group>"; };
		A98C785419F9089900ECBB86 /* ViewController.swift */ = {isa = PBXFileReference; lastKnownFileType = sourcecode.swift; path = ViewController.swift; sourceTree = "<group>"; };
		A98C785719F9089900ECBB86 /* Base */ = {isa = PBXFileReference; lastKnownFileType = file.storyboard; name = Base; path = Base.lproj/Main.storyboard; sourceTree = "<group>"; };
		A98C785919F9089900ECBB86 /* Images.xcassets */ = {isa = PBXFileReference; lastKnownFileType = folder.assetcatalog; path = Images.xcassets; sourceTree = "<group>"; };
		A98C785C19F9089900ECBB86 /* Base */ = {isa = PBXFileReference; lastKnownFileType = file.xib; name = Base; path = Base.lproj/LaunchScreen.xib; sourceTree = "<group>"; };
		A98C786219F9089900ECBB86 /* TaskItTests.xctest */ = {isa = PBXFileReference; explicitFileType = wrapper.cfbundle; includeInIndex = 0; path = TaskItTests.xctest; sourceTree = BUILT_PRODUCTS_DIR; };
		A98C786719F9089900ECBB86 /* Info.plist */ = {isa = PBXFileReference; lastKnownFileType = text.plist.xml; path = Info.plist; sourceTree = "<group>"; };
		A98C786819F9089900ECBB86 /* TaskItTests.swift */ = {isa = PBXFileReference; lastKnownFileType = sourcecode.swift; path = TaskItTests.swift; sourceTree = "<group>"; };
		A98C787219F9139300ECBB86 /* TaskCell.swift */ = {isa = PBXFileReference; fileEncoding = 4; lastKnownFileType = sourcecode.swift; path = TaskCell.swift; sourceTree = "<group>"; };
		A98C787419FAC54700ECBB86 /* TaskModel.swift */ = {isa = PBXFileReference; fileEncoding = 4; lastKnownFileType = sourcecode.swift; path = TaskModel.swift; sourceTree = "<group>"; };
		A98C787619FACA1A00ECBB86 /* TaskDetailViewController.swift */ = {isa = PBXFileReference; fileEncoding = 4; lastKnownFileType = sourcecode.swift; path = TaskDetailViewController.swift; sourceTree = "<group>"; };
		A98C787819FD6B2600ECBB86 /* Date.swift */ = {isa = PBXFileReference; fileEncoding = 4; lastKnownFileType = sourcecode.swift; path = Date.swift; sourceTree = "<group>"; };
		A98C787A19FD79B500ECBB86 /* AddTaskViewController.swift */ = {isa = PBXFileReference; fileEncoding = 4; lastKnownFileType = sourcecode.swift; path = AddTaskViewController.swift; sourceTree = "<group>"; };
/* End PBXFileReference section */

/* Begin PBXFrameworksBuildPhase section */
		A98C784A19F9089900ECBB86 /* Frameworks */ = {
			isa = PBXFrameworksBuildPhase;
			buildActionMask = 2147483647;
			files = (
			);
			runOnlyForDeploymentPostprocessing = 0;
		};
		A98C785F19F9089900ECBB86 /* Frameworks */ = {
			isa = PBXFrameworksBuildPhase;
			buildActionMask = 2147483647;
			files = (
			);
			runOnlyForDeploymentPostprocessing = 0;
		};
/* End PBXFrameworksBuildPhase section */

/* Begin PBXGroup section */
		A98C784419F9089900ECBB86 = {
			isa = PBXGroup;
			children = (
				A98C784F19F9089900ECBB86 /* TaskIt */,
				A98C786519F9089900ECBB86 /* TaskItTests */,
				A98C784E19F9089900ECBB86 /* Products */,
			);
			sourceTree = "<group>";
		};
		A98C784E19F9089900ECBB86 /* Products */ = {
			isa = PBXGroup;
			children = (
				A98C784D19F9089900ECBB86 /* TaskIt.app */,
				A98C786219F9089900ECBB86 /* TaskItTests.xctest */,
			);
			name = Products;
			sourceTree = "<group>";
		};
		A98C784F19F9089900ECBB86 /* TaskIt */ = {
			isa = PBXGroup;
			children = (
				A98C785219F9089900ECBB86 /* AppDelegate.swift */,
				A98C785419F9089900ECBB86 /* ViewController.swift */,
				A98C787619FACA1A00ECBB86 /* TaskDetailViewController.swift */,
				A98C787A19FD79B500ECBB86 /* AddTaskViewController.swift */,
				A98C787419FAC54700ECBB86 /* TaskModel.swift */,
				A98C787819FD6B2600ECBB86 /* Date.swift */,
				A98C787219F9139300ECBB86 /* TaskCell.swift */,
				A98C785619F9089900ECBB86 /* Main.storyboard */,
				A98C785919F9089900ECBB86 /* Images.xcassets */,
				A98C785B19F9089900ECBB86 /* LaunchScreen.xib */,
				A98C785019F9089900ECBB86 /* Supporting Files */,
			);
			path = TaskIt;
			sourceTree = "<group>";
		};
		A98C785019F9089900ECBB86 /* Supporting Files */ = {
			isa = PBXGroup;
			children = (
				A98C785119F9089900ECBB86 /* Info.plist */,
			);
			name = "Supporting Files";
			sourceTree = "<group>";
		};
		A98C786519F9089900ECBB86 /* TaskItTests */ = {
			isa = PBXGroup;
			children = (
				A98C786819F9089900ECBB86 /* TaskItTests.swift */,
				A98C786619F9089900ECBB86 /* Supporting Files */,
			);
			path = TaskItTests;
			sourceTree = "<group>";
		};
		A98C786619F9089900ECBB86 /* Supporting Files */ = {
			isa = PBXGroup;
			children = (
				A98C786719F9089900ECBB86 /* Info.plist */,
			);
			name = "Supporting Files";
			sourceTree = "<group>";
		};
/* End PBXGroup section */

/* Begin PBXNativeTarget section */
		A98C784C19F9089900ECBB86 /* TaskIt */ = {
			isa = PBXNativeTarget;
			buildConfigurationList = A98C786C19F9089900ECBB86 /* Build configuration list for PBXNativeTarget "TaskIt" */;
			buildPhases = (
				A98C784919F9089900ECBB86 /* Sources */,
				A98C784A19F9089900ECBB86 /* Frameworks */,
				A98C784B19F9089900ECBB86 /* Resources */,
			);
			buildRules = (
			);
			dependencies = (
			);
			name = TaskIt;
			productName = TaskIt;
			productReference = A98C784D19F9089900ECBB86 /* TaskIt.app */;
			productType = "com.apple.product-type.application";
		};
		A98C786119F9089900ECBB86 /* TaskItTests */ = {
			isa = PBXNativeTarget;
			buildConfigurationList = A98C786F19F9089900ECBB86 /* Build configuration list for PBXNativeTarget "TaskItTests" */;
			buildPhases = (
				A98C785E19F9089900ECBB86 /* Sources */,
				A98C785F19F9089900ECBB86 /* Frameworks */,
				A98C786019F9089900ECBB86 /* Resources */,
			);
			buildRules = (
			);
			dependencies = (
				A98C786419F9089900ECBB86 /* PBXTargetDependency */,
			);
			name = TaskItTests;
			productName = TaskItTests;
			productReference = A98C786219F9089900ECBB86 /* TaskItTests.xctest */;
			productType = "com.apple.product-type.bundle.unit-test";
		};
/* End PBXNativeTarget section */

/* Begin PBXProject section */
		A98C784519F9089900ECBB86 /* Project object */ = {
			isa = PBXProject;
			attributes = {
				LastUpgradeCheck = 0600;
				ORGANIZATIONNAME = Alphaweb;
				TargetAttributes = {
					A98C784C19F9089900ECBB86 = {
						CreatedOnToolsVersion = 6.0.1;
					};
					A98C786119F9089900ECBB86 = {
						CreatedOnToolsVersion = 6.0.1;
						TestTargetID = A98C784C19F9089900ECBB86;
					};
				};
			};
			buildConfigurationList = A98C784819F9089900ECBB86 /* Build configuration list for PBXProject "TaskIt" */;
			compatibilityVersion = "Xcode 3.2";
			developmentRegion = English;
			hasScannedForEncodings = 0;
			knownRegions = (
				en,
				Base,
			);
			mainGroup = A98C784419F9089900ECBB86;
			productRefGroup = A98C784E19F9089900ECBB86 /* Products */;
			projectDirPath = "";
			projectRoot = "";
			targets = (
				A98C784C19F9089900ECBB86 /* TaskIt */,
				A98C786119F9089900ECBB86 /* TaskItTests */,
			);
		};
/* End PBXProject section */

/* Begin PBXResourcesBuildPhase section */
		A98C784B19F9089900ECBB86 /* Resources */ = {
			isa = PBXResourcesBuildPhase;
			buildActionMask = 2147483647;
			files = (
				A98C785819F9089900ECBB86 /* Main.storyboard in Resources */,
				A98C785D19F9089900ECBB86 /* LaunchScreen.xib in Resources */,
				A98C785A19F9089900ECBB86 /* Images.xcassets in Resources */,
			);
			runOnlyForDeploymentPostprocessing = 0;
		};
		A98C786019F9089900ECBB86 /* Resources */ = {
			isa = PBXResourcesBuildPhase;
			buildActionMask = 2147483647;
			files = (
			);
			runOnlyForDeploymentPostprocessing = 0;
		};
/* End PBXResourcesBuildPhase section */

/* Begin PBXSourcesBuildPhase section */
		A98C784919F9089900ECBB86 /* Sources */ = {
			isa = PBXSourcesBuildPhase;
			buildActionMask = 2147483647;
			files = (
				A98C785519F9089900ECBB86 /* ViewController.swift in Sources */,
				A98C787919FD6B2600ECBB86 /* Date.swift in Sources */,
				A98C787319F9139300ECBB86 /* TaskCell.swift in Sources */,
				A98C787519FAC54700ECBB86 /* TaskModel.swift in Sources */,
				A98C785319F9089900ECBB86 /* AppDelegate.swift in Sources */,
				A98C787719FACA1A00ECBB86 /* TaskDetailViewController.swift in Sources */,
				A98C787B19FD79B500ECBB86 /* AddTaskViewController.swift in Sources */,
			);
			runOnlyForDeploymentPostprocessing = 0;
		};
		A98C785E19F9089900ECBB86 /* Sources */ = {
			isa = PBXSourcesBuildPhase;
			buildActionMask = 2147483647;
			files = (
				A98C786919F9089900ECBB86 /* TaskItTests.swift in Sources */,
			);
			runOnlyForDeploymentPostprocessing = 0;
		};
/* End PBXSourcesBuildPhase section */

/* Begin PBXTargetDependency section */
		A98C786419F9089900ECBB86 /* PBXTargetDependency */ = {
			isa = PBXTargetDependency;
			target = A98C784C19F9089900ECBB86 /* TaskIt */;
			targetProxy = A98C786319F9089900ECBB86 /* PBXContainerItemProxy */;
		};
/* End PBXTargetDependency section */

/* Begin PBXVariantGroup section */
		A98C785619F9089900ECBB86 /* Main.storyboard */ = {
			isa = PBXVariantGroup;
			children = (
				A98C785719F9089900ECBB86 /* Base */,
			);
			name = Main.storyboard;
			sourceTree = "<group>";
		};
		A98C785B19F9089900ECBB86 /* LaunchScreen.xib */ = {
			isa = PBXVariantGroup;
			children = (
				A98C785C19F9089900ECBB86 /* Base */,
			);
			name = LaunchScreen.xib;
			sourceTree = "<group>";
		};
/* End PBXVariantGroup section */

/* Begin XCBuildConfiguration section */
		A98C786A19F9089900ECBB86 /* Debug */ = {
			isa = XCBuildConfiguration;
			buildSettings = {
				ALWAYS_SEARCH_USER_PATHS = NO;
				CLANG_CXX_LANGUAGE_STANDARD = "gnu++0x";
				CLANG_CXX_LIBRARY = "libc++";
				CLANG_ENABLE_MODULES = YES;
				CLANG_ENABLE_OBJC_ARC = YES;
				CLANG_WARN_BOOL_CONVERSION = YES;
				CLANG_WARN_CONSTANT_CONVERSION = YES;
				CLANG_WARN_DIRECT_OBJC_ISA_USAGE = YES_ERROR;
				CLANG_WARN_EMPTY_BODY = YES;
				CLANG_WARN_ENUM_CONVERSION = YES;
				CLANG_WARN_INT_CONVERSION = YES;
				CLANG_WARN_OBJC_ROOT_CLASS = YES_ERROR;
				CLANG_WARN_UNREACHABLE_CODE = YES;
				CLANG_WARN__DUPLICATE_METHOD_MATCH = YES;
				"CODE_SIGN_IDENTITY[sdk=iphoneos*]" = "iPhone Developer";
				COPY_PHASE_STRIP = NO;
				ENABLE_STRICT_OBJC_MSGSEND = YES;
				GCC_C_LANGUAGE_STANDARD = gnu99;
				GCC_DYNAMIC_NO_PIC = NO;
				GCC_OPTIMIZATION_LEVEL = 0;
				GCC_PREPROCESSOR_DEFINITIONS = (
					"DEBUG=1",
					"$(inherited)",
				);
				GCC_SYMBOLS_PRIVATE_EXTERN = NO;
				GCC_WARN_64_TO_32_BIT_CONVERSION = YES;
				GCC_WARN_ABOUT_RETURN_TYPE = YES_ERROR;
				GCC_WARN_UNDECLARED_SELECTOR = YES;
				GCC_WARN_UNINITIALIZED_AUTOS = YES_AGGRESSIVE;
				GCC_WARN_UNUSED_FUNCTION = YES;
				GCC_WARN_UNUSED_VARIABLE = YES;
				IPHONEOS_DEPLOYMENT_TARGET = 8.0;
				MTL_ENABLE_DEBUG_INFO = YES;
				ONLY_ACTIVE_ARCH = YES;
				SDKROOT = iphoneos;
				SWIFT_OPTIMIZATION_LEVEL = "-Onone";
			};
			name = Debug;
		};
		A98C786B19F9089900ECBB86 /* Release */ = {
			isa = XCBuildConfiguration;
			buildSettings = {
				ALWAYS_SEARCH_USER_PATHS = NO;
				CLANG_CXX_LANGUAGE_STANDARD = "gnu++0x";
				CLANG_CXX_LIBRARY = "libc++";
				CLANG_ENABLE_MODULES = YES;
				CLANG_ENABLE_OBJC_ARC = YES;
				CLANG_WARN_BOOL_CONVERSION = YES;
				CLANG_WARN_CONSTANT_CONVERSION = YES;
				CLANG_WARN_DIRECT_OBJC_ISA_USAGE = YES_ERROR;
				CLANG_WARN_EMPTY_BODY = YES;
				CLANG_WARN_ENUM_CONVERSION = YES;
				CLANG_WARN_INT_CONVERSION = YES;
				CLANG_WARN_OBJC_ROOT_CLASS = YES_ERROR;
				CLANG_WARN_UNREACHABLE_CODE = YES;
				CLANG_WARN__DUPLICATE_METHOD_MATCH = YES;
				"CODE_SIGN_IDENTITY[sdk=iphoneos*]" = "iPhone Developer";
				COPY_PHASE_STRIP = YES;
				ENABLE_NS_ASSERTIONS = NO;
				ENABLE_STRICT_OBJC_MSGSEND = YES;
				GCC_C_LANGUAGE_STANDARD = gnu99;
				GCC_WARN_64_TO_32_BIT_CONVERSION = YES;
				GCC_WARN_ABOUT_RETURN_TYPE = YES_ERROR;
				GCC_WARN_UNDECLARED_SELECTOR = YES;
				GCC_WARN_UNINITIALIZED_AUTOS = YES_AGGRESSIVE;
				GCC_WARN_UNUSED_FUNCTION = YES;
				GCC_WARN_UNUSED_VARIABLE = YES;
				IPHONEOS_DEPLOYMENT_TARGET = 8.0;
				MTL_ENABLE_DEBUG_INFO = NO;
				SDKROOT = iphoneos;
				VALIDATE_PRODUCT = YES;
			};
			name = Release;
		};
		A98C786D19F9089900ECBB86 /* Debug */ = {
			isa = XCBuildConfiguration;
			buildSettings = {
				ASSETCATALOG_COMPILER_APPICON_NAME = AppIcon;
				INFOPLIST_FILE = TaskIt/Info.plist;
				LD_RUNPATH_SEARCH_PATHS = "$(inherited) @executable_path/Frameworks";
				PRODUCT_NAME = "$(TARGET_NAME)";
				TARGETED_DEVICE_FAMILY = "1,2";
			};
			name = Debug;
		};
		A98C786E19F9089900ECBB86 /* Release */ = {
			isa = XCBuildConfiguration;
			buildSettings = {
				ASSETCATALOG_COMPILER_APPICON_NAME = AppIcon;
				INFOPLIST_FILE = TaskIt/Info.plist;
				LD_RUNPATH_SEARCH_PATHS = "$(inherited) @executable_path/Frameworks";
				PRODUCT_NAME = "$(TARGET_NAME)";
				TARGETED_DEVICE_FAMILY = "1,2";
			};
			name = Release;
		};
		A98C787019F9089900ECBB86 /* Debug */ = {
			isa = XCBuildConfiguration;
			buildSettings = {
				BUNDLE_LOADER = "$(TEST_HOST)";
				FRAMEWORK_SEARCH_PATHS = (
					"$(SDKROOT)/Developer/Library/Frameworks",
					"$(inherited)",
				);
				GCC_PREPROCESSOR_DEFINITIONS = (
					"DEBUG=1",
					"$(inherited)",
				);
				INFOPLIST_FILE = TaskItTests/Info.plist;
				LD_RUNPATH_SEARCH_PATHS = "$(inherited) @executable_path/Frameworks @loader_path/Frameworks";
				PRODUCT_NAME = "$(TARGET_NAME)";
				TEST_HOST = "$(BUILT_PRODUCTS_DIR)/TaskIt.app/TaskIt";
			};
			name = Debug;
		};
		A98C787119F9089900ECBB86 /* Release */ = {
			isa = XCBuildConfiguration;
			buildSettings = {
				BUNDLE_LOADER = "$(TEST_HOST)";
				FRAMEWORK_SEARCH_PATHS = (
					"$(SDKROOT)/Developer/Library/Frameworks",
					"$(inherited)",
				);
				INFOPLIST_FILE = TaskItTests/Info.plist;
				LD_RUNPATH_SEARCH_PATHS = "$(inherited) @executable_path/Frameworks @loader_path/Frameworks";
				PRODUCT_NAME = "$(TARGET_NAME)";
				TEST_HOST = "$(BUILT_PRODUCTS_DIR)/TaskIt.app/TaskIt";
			};
			name = Release;
		};
/* End XCBuildConfiguration section */

/* Begin XCConfigurationList section */
		A98C784819F9089900ECBB86 /* Build configuration list for PBXProject "TaskIt" */ = {
			isa = XCConfigurationList;
			buildConfigurations = (
				A98C786A19F9089900ECBB86 /* Debug */,
				A98C786B19F9089900ECBB86 /* Release */,
			);
			defaultConfigurationIsVisible = 0;
			defaultConfigurationName = Release;
		};
		A98C786C19F9089900ECBB86 /* Build configuration list for PBXNativeTarget "TaskIt" */ = {
			isa = XCConfigurationList;
			buildConfigurations = (
				A98C786D19F9089900ECBB86 /* Debug */,
				A98C786E19F9089900ECBB86 /* Release */,
			);
			defaultConfigurationIsVisible = 0;
		};
		A98C786F19F9089900ECBB86 /* Build configuration list for PBXNativeTarget "TaskItTests" */ = {
			isa = XCConfigurationList;
			buildConfigurations = (
				A98C787019F9089900ECBB86 /* Debug */,
				A98C787119F9089900ECBB86 /* Release */,
			);
			defaultConfigurationIsVisible = 0;
		};
/* End XCConfigurationList section */
	};
	rootObject = A98C784519F9089900ECBB86 /* Project object */;
}
